{
  "name": "config",
  "version": "1.0.0",
  "lockfileVersion": 3,
  "requires": true,
  "packages": {
    "": {
      "name": "config",
      "version": "1.0.0",
      "dependencies": {
        "@rails/ujs": "^6.0.4",
        "turbolinks": "^5.2.0"
      }
    },
    "node_modules/@rails/ujs": {
      "version": "6.1.7",
      "resolved": "https://registry.npmjs.org/@rails/ujs/-/ujs-6.1.7.tgz",
      "integrity": "sha512-0e7WQ4LE/+LEfW2zfAw9ppsB6A8RmxbdAUPAF++UT80epY+7emuQDkKXmaK0a9lp6An50RvzezI0cIQjp1A58w=="
    },
    "node_modules/turbolinks": {
      "version": "5.2.0",
      "resolved": "https://registry.npmjs.org/turbolinks/-/turbolinks-5.2.0.tgz",
      "integrity": "sha512-pMiez3tyBo6uRHFNNZoYMmrES/IaGgMhQQM+VFF36keryjb5ms0XkVpmKHkfW/4Vy96qiGW3K9bz0tF5sK9bBw=="
    }
  }
}
